// !$*UTF8*$!
{
	archiveVersion = 1;
	classes = {
	};
	objectVersion = 56;
	objects = {

/* Begin PBXBuildFile section */
		0D05B5ED2B6B401B005357BE /* ScoreView.swift in Sources */ = {isa = PBXBuildFile; fileRef = 0D05B5EC2B6B401B005357BE /* ScoreView.swift */; };
		0D05B5EF2B6B43C4005357BE /* ScoreViewModel.swift in Sources */ = {isa = PBXBuildFile; fileRef = 0D05B5EE2B6B43C4005357BE /* ScoreViewModel.swift */; };
		0D892CAC2B63236600F5A838 /* Question.swift in Sources */ = {isa = PBXBuildFile; fileRef = 0D892CAB2B63236600F5A838 /* Question.swift */; };
		0D892CAE2B6325CE00F5A838 /* ChoiceTextView.swift in Sources */ = {isa = PBXBuildFile; fileRef = 0D892CAD2B6325CE00F5A838 /* ChoiceTextView.swift */; };
		0D892CB02B6497EC00F5A838 /* Game.swift in Sources */ = {isa = PBXBuildFile; fileRef = 0D892CAF2B6497EC00F5A838 /* Game.swift */; };
		0DAC8D412B1004150035BBD1 /* Code_HistoryApp.swift in Sources */ = {isa = PBXBuildFile; fileRef = 0DAC8D402B1004150035BBD1 /* Code_HistoryApp.swift */; };
		0DAC8D432B1004150035BBD1 /* GameView.swift in Sources */ = {isa = PBXBuildFile; fileRef = 0DAC8D422B1004150035BBD1 /* GameView.swift */; };
		0DAC8D452B1004160035BBD1 /* Assets.xcassets in Resources */ = {isa = PBXBuildFile; fileRef = 0DAC8D442B1004160035BBD1 /* Assets.xcassets */; };
		0DAC8D482B1004160035BBD1 /* Preview Assets.xcassets in Resources */ = {isa = PBXBuildFile; fileRef = 0DAC8D472B1004160035BBD1 /* Preview Assets.xcassets */; };
		0DF84EBD2B681D8600C31F98 /* WelcomeView.swift in Sources */ = {isa = PBXBuildFile; fileRef = 0DF84EBC2B681D8600C31F98 /* WelcomeView.swift */; };
		0DF84EBF2B6821A200C31F98 /* GameColor.swift in Sources */ = {isa = PBXBuildFile; fileRef = 0DF84EBE2B6821A200C31F98 /* GameColor.swift */; };
		0DF84EC12B68237E00C31F98 /* BottomTextView.swift in Sources */ = {isa = PBXBuildFile; fileRef = 0DF84EC02B68237E00C31F98 /* BottomTextView.swift */; };
		0DF84EDE2B68770900C31F98 /* GameViewModel.swift in Sources */ = {isa = PBXBuildFile; fileRef = 0DF84EDD2B68770900C31F98 /* GameViewModel.swift */; };
		0DF84EE02B6879EC00C31F98 /* QuestionView.swift in Sources */ = {isa = PBXBuildFile; fileRef = 0DF84EDF2B6879EC00C31F98 /* QuestionView.swift */; };
/* End PBXBuildFile section */

/* Begin PBXFileReference section */
		0D05B5EC2B6B401B005357BE /* ScoreView.swift */ = {isa = PBXFileReference; lastKnownFileType = sourcecode.swift; path = ScoreView.swift; sourceTree = "<group>"; };
		0D05B5EE2B6B43C4005357BE /* ScoreViewModel.swift */ = {isa = PBXFileReference; lastKnownFileType = sourcecode.swift; path = ScoreViewModel.swift; sourceTree = "<group>"; };
		0D892CAB2B63236600F5A838 /* Question.swift */ = {isa = PBXFileReference; lastKnownFileType = sourcecode.swift; path = Question.swift; sourceTree = "<group>"; };
		0D892CAD2B6325CE00F5A838 /* ChoiceTextView.swift */ = {isa = PBXFileReference; lastKnownFileType = sourcecode.swift; path = ChoiceTextView.swift; sourceTree = "<group>"; };
		0D892CAF2B6497EC00F5A838 /* Game.swift */ = {isa = PBXFileReference; lastKnownFileType = sourcecode.swift; path = Game.swift; sourceTree = "<group>"; };
		0DAC8D3D2B1004150035BBD1 /* Code History.app */ = {isa = PBXFileReference; explicitFileType = wrapper.application; includeInIndex = 0; path = "Code History.app"; sourceTree = BUILT_PRODUCTS_DIR; };
		0DAC8D402B1004150035BBD1 /* Code_HistoryApp.swift */ = {isa = PBXFileReference; lastKnownFileType = sourcecode.swift; path = Code_HistoryApp.swift; sourceTree = "<group>"; };
		0DAC8D422B1004150035BBD1 /* GameView.swift */ = {isa = PBXFileReference; lastKnownFileType = sourcecode.swift; path = GameView.swift; sourceTree = "<group>"; };
		0DAC8D442B1004160035BBD1 /* Assets.xcassets */ = {isa = PBXFileReference; lastKnownFileType = folder.assetcatalog; path = Assets.xcassets; sourceTree = "<group>"; };
		0DAC8D472B1004160035BBD1 /* Preview Assets.xcassets */ = {isa = PBXFileReference; lastKnownFileType = folder.assetcatalog; path = "Preview Assets.xcassets"; sourceTree = "<group>"; };
		0DF84EBC2B681D8600C31F98 /* WelcomeView.swift */ = {isa = PBXFileReference; lastKnownFileType = sourcecode.swift; path = WelcomeView.swift; sourceTree = "<group>"; };
		0DF84EBE2B6821A200C31F98 /* GameColor.swift */ = {isa = PBXFileReference; lastKnownFileType = sourcecode.swift; path = GameColor.swift; sourceTree = "<group>"; };
		0DF84EC02B68237E00C31F98 /* BottomTextView.swift */ = {isa = PBXFileReference; lastKnownFileType = sourcecode.swift; path = BottomTextView.swift; sourceTree = "<group>"; };
		0DF84EDD2B68770900C31F98 /* GameViewModel.swift */ = {isa = PBXFileReference; lastKnownFileType = sourcecode.swift; path = GameViewModel.swift; sourceTree = "<group>"; };
		0DF84EDF2B6879EC00C31F98 /* QuestionView.swift */ = {isa = PBXFileReference; lastKnownFileType = sourcecode.swift; path = QuestionView.swift; sourceTree = "<group>"; };
/* End PBXFileReference section */

/* Begin PBXFrameworksBuildPhase section */
		0DAC8D3A2B1004150035BBD1 /* Frameworks */ = {
			isa = PBXFrameworksBuildPhase;
			buildActionMask = 2147483647;
			files = (
			);
			runOnlyForDeploymentPostprocessing = 0;
		};
/* End PBXFrameworksBuildPhase section */

/* Begin PBXGroup section */
		0D892CB12B64983F00F5A838 /* Models */ = {
			isa = PBXGroup;
			children = (
				0D892CAF2B6497EC00F5A838 /* Game.swift */,
				0D892CAB2B63236600F5A838 /* Question.swift */,
			);
			path = Models;
			sourceTree = "<group>";
		};
		0D892CB22B64988A00F5A838 /* Views */ = {
			isa = PBXGroup;
			children = (
				0D892CAD2B6325CE00F5A838 /* ChoiceTextView.swift */,
				0DAC8D422B1004150035BBD1 /* GameView.swift */,
				0DF84EBC2B681D8600C31F98 /* WelcomeView.swift */,
				0DF84EBE2B6821A200C31F98 /* GameColor.swift */,
				0DF84EC02B68237E00C31F98 /* BottomTextView.swift */,
				0DF84EDF2B6879EC00C31F98 /* QuestionView.swift */,
				0D05B5EC2B6B401B005357BE /* ScoreView.swift */,
			);
			path = Views;
			sourceTree = "<group>";
		};
		0DAC8D342B1004150035BBD1 = {
			isa = PBXGroup;
			children = (
				0DAC8D3F2B1004150035BBD1 /* Code History */,
				0DAC8D3E2B1004150035BBD1 /* Products */,
			);
			sourceTree = "<group>";
		};
		0DAC8D3E2B1004150035BBD1 /* Products */ = {
			isa = PBXGroup;
			children = (
				0DAC8D3D2B1004150035BBD1 /* Code History.app */,
			);
			name = Products;
			sourceTree = "<group>";
		};
		0DAC8D3F2B1004150035BBD1 /* Code History */ = {
			isa = PBXGroup;
			children = (
				0DF84EDC2B6876F300C31F98 /* ViewModels */,
				0D892CB22B64988A00F5A838 /* Views */,
				0D892CB12B64983F00F5A838 /* Models */,
				0DAC8D402B1004150035BBD1 /* Code_HistoryApp.swift */,
				0DAC8D442B1004160035BBD1 /* Assets.xcassets */,
				0DAC8D462B1004160035BBD1 /* Preview Content */,
			);
			path = "Code History";
			sourceTree = "<group>";
		};
		0DAC8D462B1004160035BBD1 /* Preview Content */ = {
			isa = PBXGroup;
			children = (
				0DAC8D472B1004160035BBD1 /* Preview Assets.xcassets */,
			);
			path = "Preview Content";
			sourceTree = "<group>";
		};
		0DF84EDC2B6876F300C31F98 /* ViewModels */ = {
			isa = PBXGroup;
			children = (
				0DF84EDD2B68770900C31F98 /* GameViewModel.swift */,
				0D05B5EE2B6B43C4005357BE /* ScoreViewModel.swift */,
			);
			path = ViewModels;
			sourceTree = "<group>";
		};
/* End PBXGroup section */

/* Begin PBXNativeTarget section */
		0DAC8D3C2B1004150035BBD1 /* Code History */ = {
			isa = PBXNativeTarget;
			buildConfigurationList = 0DAC8D4B2B1004170035BBD1 /* Build configuration list for PBXNativeTarget "Code History" */;
			buildPhases = (
				0DAC8D392B1004150035BBD1 /* Sources */,
				0DAC8D3A2B1004150035BBD1 /* Frameworks */,
				0DAC8D3B2B1004150035BBD1 /* Resources */,
			);
			buildRules = (
			);
			dependencies = (
			);
			name = "Code History";
			productName = "Code History";
			productReference = 0DAC8D3D2B1004150035BBD1 /* Code History.app */;
			productType = "com.apple.product-type.application";
		};
/* End PBXNativeTarget section */

/* Begin PBXProject section */
		0DAC8D352B1004150035BBD1 /* Project object */ = {
			isa = PBXProject;
			attributes = {
				BuildIndependentTargetsInParallel = 1;
				LastSwiftUpdateCheck = 1500;
				LastUpgradeCheck = 1500;
				TargetAttributes = {
					0DAC8D3C2B1004150035BBD1 = {
						CreatedOnToolsVersion = 15.0;
					};
				};
			};
			buildConfigurationList = 0DAC8D382B1004150035BBD1 /* Build configuration list for PBXProject "Code History" */;
			compatibilityVersion = "Xcode 14.0";
			developmentRegion = en;
			hasScannedForEncodings = 0;
			knownRegions = (
				en,
				Base,
			);
			mainGroup = 0DAC8D342B1004150035BBD1;
			productRefGroup = 0DAC8D3E2B1004150035BBD1 /* Products */;
			projectDirPath = "";
			projectRoot = "";
			targets = (
				0DAC8D3C2B1004150035BBD1 /* Code History */,
			);
		};
/* End PBXProject section */

/* Begin PBXResourcesBuildPhase section */
		0DAC8D3B2B1004150035BBD1 /* Resources */ = {
			isa = PBXResourcesBuildPhase;
			buildActionMask = 2147483647;
			files = (
				0DAC8D482B1004160035BBD1 /* Preview Assets.xcassets in Resources */,
				0DAC8D452B1004160035BBD1 /* Assets.xcassets in Resources */,
			);
			runOnlyForDeploymentPostprocessing = 0;
		};
/* End PBXResourcesBuildPhase section */

/* Begin PBXSourcesBuildPhase section */
		0DAC8D392B1004150035BBD1 /* Sources */ = {
			isa = PBXSourcesBuildPhase;
			buildActionMask = 2147483647;
			files = (
				0DF84EE02B6879EC00C31F98 /* QuestionView.swift in Sources */,
				0DF84EDE2B68770900C31F98 /* GameViewModel.swift in Sources */,
				0D892CAC2B63236600F5A838 /* Question.swift in Sources */,
				0D05B5EF2B6B43C4005357BE /* ScoreViewModel.swift in Sources */,
				0DF84EBD2B681D8600C31F98 /* WelcomeView.swift in Sources */,
				0D892CB02B6497EC00F5A838 /* Game.swift in Sources */,
				0DAC8D432B1004150035BBD1 /* GameView.swift in Sources */,
				0DF84EC12B68237E00C31F98 /* BottomTextView.swift in Sources */,
				0D05B5ED2B6B401B005357BE /* ScoreView.swift in Sources */,
				0DF84EBF2B6821A200C31F98 /* GameColor.swift in Sources */,
				0D892CAE2B6325CE00F5A838 /* ChoiceTextView.swift in Sources */,
				0DAC8D412B1004150035BBD1 /* Code_HistoryApp.swift in Sources */,
			);
			runOnlyForDeploymentPostprocessing = 0;
		};
/* End PBXSourcesBuildPhase section */

/* Begin XCBuildConfiguration section */
		0DAC8D492B1004160035BBD1 /* Debug */ = {
			isa = XCBuildConfiguration;
			buildSettings = {
				ALWAYS_SEARCH_USER_PATHS = NO;
				ASSETCATALOG_COMPILER_GENERATE_SWIFT_ASSET_SYMBOL_EXTENSIONS = YES;
				CLANG_ANALYZER_NONNULL = YES;
				CLANG_ANALYZER_NUMBER_OBJECT_CONVERSION = YES_AGGRESSIVE;
				CLANG_CXX_LANGUAGE_STANDARD = "gnu++20";
				CLANG_ENABLE_MODULES = YES;
				CLANG_ENABLE_OBJC_ARC = YES;
				CLANG_ENABLE_OBJC_WEAK = YES;
				CLANG_WARN_BLOCK_CAPTURE_AUTORELEASING = YES;
				CLANG_WARN_BOOL_CONVERSION = YES;
				CLANG_WARN_COMMA = YES;
				CLANG_WARN_CONSTANT_CONVERSION = YES;
				CLANG_WARN_DEPRECATED_OBJC_IMPLEMENTATIONS = YES;
				CLANG_WARN_DIRECT_OBJC_ISA_USAGE = YES_ERROR;
				CLANG_WARN_DOCUMENTATION_COMMENTS = YES;
				CLANG_WARN_EMPTY_BODY = YES;
				CLANG_WARN_ENUM_CONVERSION = YES;
				CLANG_WARN_INFINITE_RECURSION = YES;
				CLANG_WARN_INT_CONVERSION = YES;
				CLANG_WARN_NON_LITERAL_NULL_CONVERSION = YES;
				CLANG_WARN_OBJC_IMPLICIT_RETAIN_SELF = YES;
				CLANG_WARN_OBJC_LITERAL_CONVERSION = YES;
				CLANG_WARN_OBJC_ROOT_CLASS = YES_ERROR;
				CLANG_WARN_QUOTED_INCLUDE_IN_FRAMEWORK_HEADER = YES;
				CLANG_WARN_RANGE_LOOP_ANALYSIS = YES;
				CLANG_WARN_STRICT_PROTOTYPES = YES;
				CLANG_WARN_SUSPICIOUS_MOVE = YES;
				CLANG_WARN_UNGUARDED_AVAILABILITY = YES_AGGRESSIVE;
				CLANG_WARN_UNREACHABLE_CODE = YES;
				CLANG_WARN__DUPLICATE_METHOD_MATCH = YES;
				COPY_PHASE_STRIP = NO;
				DEBUG_INFORMATION_FORMAT = dwarf;
				ENABLE_STRICT_OBJC_MSGSEND = YES;
				ENABLE_TESTABILITY = YES;
				ENABLE_USER_SCRIPT_SANDBOXING = YES;
				GCC_C_LANGUAGE_STANDARD = gnu17;
				GCC_DYNAMIC_NO_PIC = NO;
				GCC_NO_COMMON_BLOCKS = YES;
				GCC_OPTIMIZATION_LEVEL = 0;
				GCC_PREPROCESSOR_DEFINITIONS = (
					"DEBUG=1",
					"$(inherited)",
				);
				GCC_WARN_64_TO_32_BIT_CONVERSION = YES;
				GCC_WARN_ABOUT_RETURN_TYPE = YES_ERROR;
				GCC_WARN_UNDECLARED_SELECTOR = YES;
				GCC_WARN_UNINITIALIZED_AUTOS = YES_AGGRESSIVE;
				GCC_WARN_UNUSED_FUNCTION = YES;
				GCC_WARN_UNUSED_VARIABLE = YES;
				IPHONEOS_DEPLOYMENT_TARGET = 17.0;
				LOCALIZATION_PREFERS_STRING_CATALOGS = YES;
				MTL_ENABLE_DEBUG_INFO = INCLUDE_SOURCE;
				MTL_FAST_MATH = YES;
				ONLY_ACTIVE_ARCH = YES;
				SDKROOT = iphoneos;
				SWIFT_ACTIVE_COMPILATION_CONDITIONS = "DEBUG $(inherited)";
				SWIFT_OPTIMIZATION_LEVEL = "-Onone";
			};
			name = Debug;
		};
		0DAC8D4A2B1004170035BBD1 /* Release */ = {
			isa = XCBuildConfiguration;
			buildSettings = {
				ALWAYS_SEARCH_USER_PATHS = NO;
				ASSETCATALOG_COMPILER_GENERATE_SWIFT_ASSET_SYMBOL_EXTENSIONS = YES;
				CLANG_ANALYZER_NONNULL = YES;
				CLANG_ANALYZER_NUMBER_OBJECT_CONVERSION = YES_AGGRESSIVE;
				CLANG_CXX_LANGUAGE_STANDARD = "gnu++20";
				CLANG_ENABLE_MODULES = YES;
				CLANG_ENABLE_OBJC_ARC = YES;
				CLANG_ENABLE_OBJC_WEAK = YES;
				CLANG_WARN_BLOCK_CAPTURE_AUTORELEASING = YES;
				CLANG_WARN_BOOL_CONVERSION = YES;
				CLANG_WARN_COMMA = YES;
				CLANG_WARN_CONSTANT_CONVERSION = YES;
				CLANG_WARN_DEPRECATED_OBJC_IMPLEMENTATIONS = YES;
				CLANG_WARN_DIRECT_OBJC_ISA_USAGE = YES_ERROR;
				CLANG_WARN_DOCUMENTATION_COMMENTS = YES;
				CLANG_WARN_EMPTY_BODY = YES;
				CLANG_WARN_ENUM_CONVERSION = YES;
				CLANG_WARN_INFINITE_RECURSION = YES;
				CLANG_WARN_INT_CONVERSION = YES;
				CLANG_WARN_NON_LITERAL_NULL_CONVERSION = YES;
				CLANG_WARN_OBJC_IMPLICIT_RETAIN_SELF = YES;
				CLANG_WARN_OBJC_LITERAL_CONVERSION = YES;
				CLANG_WARN_OBJC_ROOT_CLASS = YES_ERROR;
				CLANG_WARN_QUOTED_INCLUDE_IN_FRAMEWORK_HEADER = YES;
				CLANG_WARN_RANGE_LOOP_ANALYSIS = YES;
				CLANG_WARN_STRICT_PROTOTYPES = YES;
				CLANG_WARN_SUSPICIOUS_MOVE = YES;
				CLANG_WARN_UNGUARDED_AVAILABILITY = YES_AGGRESSIVE;
				CLANG_WARN_UNREACHABLE_CODE = YES;
				CLANG_WARN__DUPLICATE_METHOD_MATCH = YES;
				COPY_PHASE_STRIP = NO;
				DEBUG_INFORMATION_FORMAT = "dwarf-with-dsym";
				ENABLE_NS_ASSERTIONS = NO;
				ENABLE_STRICT_OBJC_MSGSEND = YES;
				ENABLE_USER_SCRIPT_SANDBOXING = YES;
				GCC_C_LANGUAGE_STANDARD = gnu17;
				GCC_NO_COMMON_BLOCKS = YES;
				GCC_WARN_64_TO_32_BIT_CONVERSION = YES;
				GCC_WARN_ABOUT_RETURN_TYPE = YES_ERROR;
				GCC_WARN_UNDECLARED_SELECTOR = YES;
				GCC_WARN_UNINITIALIZED_AUTOS = YES_AGGRESSIVE;
				GCC_WARN_UNUSED_FUNCTION = YES;
				GCC_WARN_UNUSED_VARIABLE = YES;
				IPHONEOS_DEPLOYMENT_TARGET = 17.0;
				LOCALIZATION_PREFERS_STRING_CATALOGS = YES;
				MTL_ENABLE_DEBUG_INFO = NO;
				MTL_FAST_MATH = YES;
				SDKROOT = iphoneos;
				SWIFT_COMPILATION_MODE = wholemodule;
				VALIDATE_PRODUCT = YES;
			};
			name = Release;
		};
		0DAC8D4C2B1004170035BBD1 /* Debug */ = {
			isa = XCBuildConfiguration;
			buildSettings = {
				ASSETCATALOG_COMPILER_APPICON_NAME = AppIcon;
				ASSETCATALOG_COMPILER_GLOBAL_ACCENT_COLOR_NAME = AccentColor;
				CODE_SIGN_STYLE = Automatic;
				CURRENT_PROJECT_VERSION = 1;
				DEVELOPMENT_ASSET_PATHS = "\"Code History/Preview Content\"";
				ENABLE_PREVIEWS = YES;
				GENERATE_INFOPLIST_FILE = YES;
				INFOPLIST_KEY_CFBundleDisplayName = "Code History";
				INFOPLIST_KEY_UIApplicationSceneManifest_Generation = YES;
				INFOPLIST_KEY_UIApplicationSupportsIndirectInputEvents = YES;
				INFOPLIST_KEY_UILaunchScreen_Generation = YES;
				INFOPLIST_KEY_UISupportedInterfaceOrientations_iPad = "UIInterfaceOrientationPortrait UIInterfaceOrientationPortraitUpsideDown UIInterfaceOrientationLandscapeLeft UIInterfaceOrientationLandscapeRight";
				INFOPLIST_KEY_UISupportedInterfaceOrientations_iPhone = "UIInterfaceOrientationPortrait UIInterfaceOrientationLandscapeLeft UIInterfaceOrientationLandscapeRight";
				LD_RUNPATH_SEARCH_PATHS = (
					"$(inherited)",
					"@executable_path/Frameworks",
				);
				MARKETING_VERSION = 1.0;
				PRODUCT_BUNDLE_IDENTIFIER = "com.andrewleeperkins.Code-History";
				PRODUCT_NAME = "$(TARGET_NAME)";
				SWIFT_EMIT_LOC_STRINGS = YES;
				SWIFT_VERSION = 5.0;
				TARGETED_DEVICE_FAMILY = "1,2";
			};
			name = Debug;
		};
		0DAC8D4D2B1004170035BBD1 /* Release */ = {
			isa = XCBuildConfiguration;
			buildSettings = {
				ASSETCATALOG_COMPILER_APPICON_NAME = AppIcon;
				ASSETCATALOG_COMPILER_GLOBAL_ACCENT_COLOR_NAME = AccentColor;
				CODE_SIGN_STYLE = Automatic;
				CURRENT_PROJECT_VERSION = 1;
				DEVELOPMENT_ASSET_PATHS = "\"Code History/Preview Content\"";
				ENABLE_PREVIEWS = YES;
				GENERATE_INFOPLIST_FILE = YES;
				INFOPLIST_KEY_CFBundleDisplayName = "Code History";
				INFOPLIST_KEY_UIApplicationSceneManifest_Generation = YES;
				INFOPLIST_KEY_UIApplicationSupportsIndirectInputEvents = YES;
				INFOPLIST_KEY_UILaunchScreen_Generation = YES;
				INFOPLIST_KEY_UISupportedInterfaceOrientations_iPad = "UIInterfaceOrientationPortrait UIInterfaceOrientationPortraitUpsideDown UIInterfaceOrientationLandscapeLeft UIInterfaceOrientationLandscapeRight";
				INFOPLIST_KEY_UISupportedInterfaceOrientations_iPhone = "UIInterfaceOrientationPortrait UIInterfaceOrientationLandscapeLeft UIInterfaceOrientationLandscapeRight";
				LD_RUNPATH_SEARCH_PATHS = (
					"$(inherited)",
					"@executable_path/Frameworks",
				);
				MARKETING_VERSION = 1.0;
				PRODUCT_BUNDLE_IDENTIFIER = "com.andrewleeperkins.Code-History";
				PRODUCT_NAME = "$(TARGET_NAME)";
				SWIFT_EMIT_LOC_STRINGS = YES;
				SWIFT_VERSION = 5.0;
				TARGETED_DEVICE_FAMILY = "1,2";
			};
			name = Release;
		};
/* End XCBuildConfiguration section */

/* Begin XCConfigurationList section */
		0DAC8D382B1004150035BBD1 /* Build configuration list for PBXProject "Code History" */ = {
			isa = XCConfigurationList;
			buildConfigurations = (
				0DAC8D492B1004160035BBD1 /* Debug */,
				0DAC8D4A2B1004170035BBD1 /* Release */,
			);
			defaultConfigurationIsVisible = 0;
			defaultConfigurationName = Release;
		};
		0DAC8D4B2B1004170035BBD1 /* Build configuration list for PBXNativeTarget "Code History" */ = {
			isa = XCConfigurationList;
			buildConfigurations = (
				0DAC8D4C2B1004170035BBD1 /* Debug */,
				0DAC8D4D2B1004170035BBD1 /* Release */,
			);
			defaultConfigurationIsVisible = 0;
			defaultConfigurationName = Release;
		};
/* End XCConfigurationList section */
	};
	rootObject = 0DAC8D352B1004150035BBD1 /* Project object */;
}
